
Microsoft Visual Studio Solution File, Format Version 12.00
# Visual Studio Version 16
VisualStudioVersion = 16.0.31515.178
MinimumVisualStudioVersion = 10.0.40219.1
Project("{FAE04EC0-301F-11D3-BF4B-00C04F79EFBC}") = "ASEApp", "ASEApp\ASEApp.csproj", "{A4511686-52C1-4B28-A0D1-84D36A861BD8}"
EndProject
Global
	GlobalSection(SolutionConfigurationPlatforms) = preSolution
		Debug|Any CPU = Debug|Any CPU
		Release|Any CPU = Release|Any CPU
	EndGlobalSection
	GlobalSection(ProjectConfigurationPlatforms) = postSolution
		{A4511686-52C1-4B28-A0D1-84D36A861BD8}.Debug|Any CPU.ActiveCfg = Debug|Any CPU
		{A4511686-52C1-4B28-A0D1-84D36A861BD8}.Debug|Any CPU.Build.0 = Debug|Any CPU
		{A4511686-52C1-4B28-A0D1-84D36A861BD8}.Release|Any CPU.ActiveCfg = Release|Any CPU
		{A4511686-52C1-4B28-A0D1-84D36A861BD8}.Release|Any CPU.Build.0 = Release|Any CPU
	EndGlobalSection
	GlobalSection(SolutionProperties) = preSolution
		HideSolutionNode = FALSE
	EndGlobalSection
	GlobalSection(ExtensibilityGlobals) = postSolution
		SolutionGuid = {BB8FB69C-2D5B-4BBF-990E-CD9A23F69A4C}
	EndGlobalSection
EndGlobal
